<?xml version="1.0" encoding="UTF-8" standalone="yes" ?>
<CodeBlocks_project_file>
	<FileVersion major="1" minor="6" />
	<Project>
		<Option title="Proyecto" />
		<Option pch_mode="2" />
		<Option compiler="gcc" />
		<Build>
			<Target title="Debug">
				<Option output="bin/Debug/Proyecto" prefix_auto="1" extension_auto="1" />
				<Option object_output="obj/Debug/" />
				<Option type="1" />
				<Option compiler="gcc" />
				<Compiler>
					<Add option="-g" />
					<Add directory="include" />
				</Compiler>
			</Target>
			<Target title="Release">
				<Option output="bin/Release/Proyecto" prefix_auto="1" extension_auto="1" />
				<Option object_output="obj/Release/" />
				<Option type="1" />
				<Option compiler="gcc" />
				<Compiler>
					<Add option="-O2" />
					<Add directory="include" />
				</Compiler>
				<Linker>
					<Add option="-s" />
				</Linker>
			</Target>
		</Build>
		<Compiler>
			<Add option="-Wall" />
			<Add option="-fexceptions" />
		</Compiler>
		<Unit filename="include/Bug.h" />
		<Unit filename="include/Character.h" />
		<Unit filename="include/Direction.h" />
		<Unit filename="include/MySize.h" />
		<Unit filename="include/MyWindow.h" />
		<Unit filename="include/Obstacle.h" />
		<Unit filename="include/OneGame.h" />
		<Unit filename="include/Position.h" />
		<Unit filename="include/Screen.h" />
		<Unit filename="main.cpp" />
		<Unit filename="src/Bug.cpp" />
		<Unit filename="src/Character.cpp" />
		<Unit filename="src/Direction.cpp" />
		<Unit filename="src/MySize.cpp" />
		<Unit filename="src/MyWindow.cpp" />
		<Unit filename="src/Obstacle.cpp" />
		<Unit filename="src/OneGame.cpp" />
		<Unit filename="src/Position.cpp" />
		<Unit filename="src/Screen.cpp" />
		<Extensions>
			<code_completion />
			<envvars />
			<debugger />
			<lib_finder disable_auto="1" />
		</Extensions>
	</Project>
</CodeBlocks_project_file>
